github.com/davecgh/go-spew v1.1.1/go.mod h1:J7Y8YcW2NihsgmVo/mv3lAwl/skON4iLHjSsI+c5H38=
github.com/mediocregopher/mediocre-go-lib v0.0.0-20181029021733-cb65787f37ed/go.mod h1:dSsfyI2zABAdhcbvkXqgxOxrCsbYeHCPgrZkku60dSg=
github.com/mediocregopher/radix/v3 v3.2.3 h1:TbcGCZdo9zfPYPgevsqRn+OjvCyfOK6TzuXhqzWdCt0=
github.com/mediocregopher/radix/v3 v3.2.3/go.mod h1:EmfVyvspXz1uZEyPBMyGK+kjWiKQGvsUt6O3Pj+LDCQ=
github.com/pmezard/go-difflib v1.0.0/go.mod h1:iKH77koFhYxTK1pcRnkKkqfTogsbg7gZNVY4sRDYZ/4=
github.com/stretchr/testify v1.2.2/go.mod h1:a8OnRcib4nhh0OaRAV+Yts87kKdq0PP7pXfy6kDkUVs=
golang.org/x/sync v0.0.0-20190423024810-112230192c58 h1:8gQV6CLnAEikrhgkHFbMAEhagSSnXWGV915qUMm9mrU=
golang.org/x/sync v0.0.0-20190423024810-112230192c58/go.mod h1:RxMgew5VJxzue5/jJTE5uejpjVlOe/izrB70Jof72aM=
